{
  "name": "codekit-project",
  "version": "1.0.0",
  "lockfileVersion": 1,
  "requires": true,
  "dependencies": {
    "jquery": {
      "version": "3.4.1",
      "resolved": "https://registry.npmjs.org/jquery/-/jquery-3.4.1.tgz",
      "integrity": "sha512-36+AdBzCL+y6qjw5Tx7HgzeGCzC81MDDgaUP8ld2zhx58HdqXGoBd+tHdrBMiyjGQs0Hxs/MLZTu/eHNJJuWPw=="
    },
    "jquery-folding-arrow-icon": {
      "version": "1.0.3",
      "resolved": "https://registry.npmjs.org/jquery-folding-arrow-icon/-/jquery-folding-arrow-icon-1.0.3.tgz",
      "integrity": "sha512-HzSLkaY+Y8lqRcXtmzTOSkcvn0epdbaaBC3T/IYtegsZ8+gAjClJrOfRNdxgpB00Xep2vdP/GvRTAPAWfAyGGw==",
      "optional": true
    },
    "jquery.scrollto": {
      "version": "2.1.2",
      "resolved": "https://registry.npmjs.org/jquery.scrollto/-/jquery.scrollto-2.1.2.tgz",
      "integrity": "sha1-51gNnHrEbvW7JTGUg/b0VxP9fGw=",
      "optional": true,
      "requires": {
        "jquery": ">=1.8"
      }
    }
  }
}
